
Microsoft Visual Studio Solution File, Format Version 12.00
# Visual Studio 2013
VisualStudioVersion = 12.0.31101.0
MinimumVisualStudioVersion = 10.0.40219.1
Project("{8BC9CEB8-8B4A-11D0-8D11-00A0C91BC942}") = "stereo_disparity", "stereo_disparity\stereo_disparity.vcxproj", "{D1C7F875-1340-453B-8AA2-2A7591D8394E}"
EndProject
Global
	GlobalSection(SolutionConfigurationPlatforms) = preSolution
		Debug|Win32 = Debug|Win32
		Debug|x64 = Debug|x64
		Release|Win32 = Release|Win32
		Release|x64 = Release|x64
	EndGlobalSection
	GlobalSection(ProjectConfigurationPlatforms) = postSolution
		{D1C7F875-1340-453B-8AA2-2A7591D8394E}.Debug|Win32.ActiveCfg = Debug|Win32
		{D1C7F875-1340-453B-8AA2-2A7591D8394E}.Debug|Win32.Build.0 = Debug|Win32
		{D1C7F875-1340-453B-8AA2-2A7591D8394E}.Debug|x64.ActiveCfg = Debug|x64
		{D1C7F875-1340-453B-8AA2-2A7591D8394E}.Debug|x64.Build.0 = Debug|x64
		{D1C7F875-1340-453B-8AA2-2A7591D8394E}.Release|Win32.ActiveCfg = Release|Win32
		{D1C7F875-1340-453B-8AA2-2A7591D8394E}.Release|Win32.Build.0 = Release|Win32
		{D1C7F875-1340-453B-8AA2-2A7591D8394E}.Release|x64.ActiveCfg = Release|x64
		{D1C7F875-1340-453B-8AA2-2A7591D8394E}.Release|x64.Build.0 = Release|x64
	EndGlobalSection
	GlobalSection(SolutionProperties) = preSolution
		HideSolutionNode = FALSE
	EndGlobalSection
EndGlobal
